
Microsoft Visual Studio Solution File, Format Version 12.00
# Visual Studio Version 16
VisualStudioVersion = 16.0.29020.237
MinimumVisualStudioVersion = 10.0.40219.1
Project("{FAE04EC0-301F-11D3-BF4B-00C04F79EFBC}") = "RemoteControl", "RemoteControl\RemoteControl.csproj", "{5FFE6544-6176-4A29-A1C5-7E804B171B51}"
EndProject
Project("{FAE04EC0-301F-11D3-BF4B-00C04F79EFBC}") = "WindowsInput", "WindowsInput\WindowsInput.csproj", "{3549CD6F-80F8-450F-B99E-CF0A736B1F2A}"
EndProject
Project("{FAE04EC0-301F-11D3-BF4B-00C04F79EFBC}") = "StartTool", "StartTool\StartTool.csproj", "{C7F6D0D7-B1AB-4744-B03C-4160A9CFB69B}"
EndProject
Project("{FAE04EC0-301F-11D3-BF4B-00C04F79EFBC}") = "LoggingSystem", "LoggingSystem\LoggingSystem.csproj", "{F13A120E-B069-4FE6-B9D5-34F4215075ED}"
EndProject
Project("{FAE04EC0-301F-11D3-BF4B-00C04F79EFBC}") = "TcpServerRoot", "TcpServerRoot\TcpServerRoot.csproj", "{AB2326C2-76A7-431B-AC54-AF74D43C0431}"
EndProject
Project("{FAE04EC0-301F-11D3-BF4B-00C04F79EFBC}") = "TcpClientRoot", "TcpClientRoot\TcpClientRoot.csproj", "{6C50F8A0-8FC5-4DED-836D-39333AAE0ABC}"
EndProject
Project("{FAE04EC0-301F-11D3-BF4B-00C04F79EFBC}") = "MessageEncoding", "MessageEncoding\MessageEncoding.csproj", "{6763F228-987E-49A9-B6FD-E6FE81F1E996}"
EndProject
Global
	GlobalSection(SolutionConfigurationPlatforms) = preSolution
		Debug|Any CPU = Debug|Any CPU
		Debug|ARM = Debug|ARM
		Debug|x64 = Debug|x64
		Debug|x86 = Debug|x86
		Release|Any CPU = Release|Any CPU
		Release|ARM = Release|ARM
		Release|x64 = Release|x64
		Release|x86 = Release|x86
	EndGlobalSection
	GlobalSection(ProjectConfigurationPlatforms) = postSolution
		{5FFE6544-6176-4A29-A1C5-7E804B171B51}.Debug|Any CPU.ActiveCfg = Debug|Any CPU
		{5FFE6544-6176-4A29-A1C5-7E804B171B51}.Debug|Any CPU.Build.0 = Debug|Any CPU
		{5FFE6544-6176-4A29-A1C5-7E804B171B51}.Debug|ARM.ActiveCfg = Debug|Any CPU
		{5FFE6544-6176-4A29-A1C5-7E804B171B51}.Debug|ARM.Build.0 = Debug|Any CPU
		{5FFE6544-6176-4A29-A1C5-7E804B171B51}.Debug|x64.ActiveCfg = Debug|Any CPU
		{5FFE6544-6176-4A29-A1C5-7E804B171B51}.Debug|x64.Build.0 = Debug|Any CPU
		{5FFE6544-6176-4A29-A1C5-7E804B171B51}.Debug|x86.ActiveCfg = Debug|Any CPU
		{5FFE6544-6176-4A29-A1C5-7E804B171B51}.Debug|x86.Build.0 = Debug|Any CPU
		{5FFE6544-6176-4A29-A1C5-7E804B171B51}.Release|Any CPU.ActiveCfg = Release|Any CPU
		{5FFE6544-6176-4A29-A1C5-7E804B171B51}.Release|Any CPU.Build.0 = Release|Any CPU
		{5FFE6544-6176-4A29-A1C5-7E804B171B51}.Release|ARM.ActiveCfg = Release|Any CPU
		{5FFE6544-6176-4A29-A1C5-7E804B171B51}.Release|ARM.Build.0 = Release|Any CPU
		{5FFE6544-6176-4A29-A1C5-7E804B171B51}.Release|x64.ActiveCfg = Release|Any CPU
		{5FFE6544-6176-4A29-A1C5-7E804B171B51}.Release|x64.Build.0 = Release|Any CPU
		{5FFE6544-6176-4A29-A1C5-7E804B171B51}.Release|x86.ActiveCfg = Release|Any CPU
		{5FFE6544-6176-4A29-A1C5-7E804B171B51}.Release|x86.Build.0 = Release|Any CPU
		{3549CD6F-80F8-450F-B99E-CF0A736B1F2A}.Debug|Any CPU.ActiveCfg = Debug|Any CPU
		{3549CD6F-80F8-450F-B99E-CF0A736B1F2A}.Debug|Any CPU.Build.0 = Debug|Any CPU
		{3549CD6F-80F8-450F-B99E-CF0A736B1F2A}.Debug|ARM.ActiveCfg = Debug|Any CPU
		{3549CD6F-80F8-450F-B99E-CF0A736B1F2A}.Debug|ARM.Build.0 = Debug|Any CPU
		{3549CD6F-80F8-450F-B99E-CF0A736B1F2A}.Debug|x64.ActiveCfg = Debug|Any CPU
		{3549CD6F-80F8-450F-B99E-CF0A736B1F2A}.Debug|x64.Build.0 = Debug|Any CPU
		{3549CD6F-80F8-450F-B99E-CF0A736B1F2A}.Debug|x86.ActiveCfg = Debug|Any CPU
		{3549CD6F-80F8-450F-B99E-CF0A736B1F2A}.Debug|x86.Build.0 = Debug|Any CPU
		{3549CD6F-80F8-450F-B99E-CF0A736B1F2A}.Release|Any CPU.ActiveCfg = Release|Any CPU
		{3549CD6F-80F8-450F-B99E-CF0A736B1F2A}.Release|Any CPU.Build.0 = Release|Any CPU
		{3549CD6F-80F8-450F-B99E-CF0A736B1F2A}.Release|ARM.ActiveCfg = Release|Any CPU
		{3549CD6F-80F8-450F-B99E-CF0A736B1F2A}.Release|ARM.Build.0 = Release|Any CPU
		{3549CD6F-80F8-450F-B99E-CF0A736B1F2A}.Release|x64.ActiveCfg = Release|Any CPU
		{3549CD6F-80F8-450F-B99E-CF0A736B1F2A}.Release|x64.Build.0 = Release|Any CPU
		{3549CD6F-80F8-450F-B99E-CF0A736B1F2A}.Release|x86.ActiveCfg = Release|Any CPU
		{3549CD6F-80F8-450F-B99E-CF0A736B1F2A}.Release|x86.Build.0 = Release|Any CPU
		{C7F6D0D7-B1AB-4744-B03C-4160A9CFB69B}.Debug|Any CPU.ActiveCfg = Debug|Any CPU
		{C7F6D0D7-B1AB-4744-B03C-4160A9CFB69B}.Debug|Any CPU.Build.0 = Debug|Any CPU
		{C7F6D0D7-B1AB-4744-B03C-4160A9CFB69B}.Debug|ARM.ActiveCfg = Debug|Any CPU
		{C7F6D0D7-B1AB-4744-B03C-4160A9CFB69B}.Debug|ARM.Build.0 = Debug|Any CPU
		{C7F6D0D7-B1AB-4744-B03C-4160A9CFB69B}.Debug|x64.ActiveCfg = Debug|Any CPU
		{C7F6D0D7-B1AB-4744-B03C-4160A9CFB69B}.Debug|x64.Build.0 = Debug|Any CPU
		{C7F6D0D7-B1AB-4744-B03C-4160A9CFB69B}.Debug|x86.ActiveCfg = Debug|Any CPU
		{C7F6D0D7-B1AB-4744-B03C-4160A9CFB69B}.Debug|x86.Build.0 = Debug|Any CPU
		{C7F6D0D7-B1AB-4744-B03C-4160A9CFB69B}.Release|Any CPU.ActiveCfg = Release|Any CPU
		{C7F6D0D7-B1AB-4744-B03C-4160A9CFB69B}.Release|Any CPU.Build.0 = Release|Any CPU
		{C7F6D0D7-B1AB-4744-B03C-4160A9CFB69B}.Release|ARM.ActiveCfg = Release|Any CPU
		{C7F6D0D7-B1AB-4744-B03C-4160A9CFB69B}.Release|ARM.Build.0 = Release|Any CPU
		{C7F6D0D7-B1AB-4744-B03C-4160A9CFB69B}.Release|x64.ActiveCfg = Release|Any CPU
		{C7F6D0D7-B1AB-4744-B03C-4160A9CFB69B}.Release|x64.Build.0 = Release|Any CPU
		{C7F6D0D7-B1AB-4744-B03C-4160A9CFB69B}.Release|x86.ActiveCfg = Release|Any CPU
		{C7F6D0D7-B1AB-4744-B03C-4160A9CFB69B}.Release|x86.Build.0 = Release|Any CPU
		{F13A120E-B069-4FE6-B9D5-34F4215075ED}.Debug|Any CPU.ActiveCfg = Debug|Any CPU
		{F13A120E-B069-4FE6-B9D5-34F4215075ED}.Debug|Any CPU.Build.0 = Debug|Any CPU
		{F13A120E-B069-4FE6-B9D5-34F4215075ED}.Debug|ARM.ActiveCfg = Debug|Any CPU
		{F13A120E-B069-4FE6-B9D5-34F4215075ED}.Debug|ARM.Build.0 = Debug|Any CPU
		{F13A120E-B069-4FE6-B9D5-34F4215075ED}.Debug|x64.ActiveCfg = Debug|Any CPU
		{F13A120E-B069-4FE6-B9D5-34F4215075ED}.Debug|x64.Build.0 = Debug|Any CPU
		{F13A120E-B069-4FE6-B9D5-34F4215075ED}.Debug|x86.ActiveCfg = Debug|Any CPU
		{F13A120E-B069-4FE6-B9D5-34F4215075ED}.Debug|x86.Build.0 = Debug|Any CPU
		{F13A120E-B069-4FE6-B9D5-34F4215075ED}.Release|Any CPU.ActiveCfg = Release|Any CPU
		{F13A120E-B069-4FE6-B9D5-34F4215075ED}.Release|Any CPU.Build.0 = Release|Any CPU
		{F13A120E-B069-4FE6-B9D5-34F4215075ED}.Release|ARM.ActiveCfg = Release|Any CPU
		{F13A120E-B069-4FE6-B9D5-34F4215075ED}.Release|ARM.Build.0 = Release|Any CPU
		{F13A120E-B069-4FE6-B9D5-34F4215075ED}.Release|x64.ActiveCfg = Release|Any CPU
		{F13A120E-B069-4FE6-B9D5-34F4215075ED}.Release|x64.Build.0 = Release|Any CPU
		{F13A120E-B069-4FE6-B9D5-34F4215075ED}.Release|x86.ActiveCfg = Release|Any CPU
		{F13A120E-B069-4FE6-B9D5-34F4215075ED}.Release|x86.Build.0 = Release|Any CPU
		{AB2326C2-76A7-431B-AC54-AF74D43C0431}.Debug|Any CPU.ActiveCfg = Debug|Any CPU
		{AB2326C2-76A7-431B-AC54-AF74D43C0431}.Debug|Any CPU.Build.0 = Debug|Any CPU
		{AB2326C2-76A7-431B-AC54-AF74D43C0431}.Debug|ARM.ActiveCfg = Debug|Any CPU
		{AB2326C2-76A7-431B-AC54-AF74D43C0431}.Debug|ARM.Build.0 = Debug|Any CPU
		{AB2326C2-76A7-431B-AC54-AF74D43C0431}.Debug|x64.ActiveCfg = Debug|Any CPU
		{AB2326C2-76A7-431B-AC54-AF74D43C0431}.Debug|x64.Build.0 = Debug|Any CPU
		{AB2326C2-76A7-431B-AC54-AF74D43C0431}.Debug|x86.ActiveCfg = Debug|Any CPU
		{AB2326C2-76A7-431B-AC54-AF74D43C0431}.Debug|x86.Build.0 = Debug|Any CPU
		{AB2326C2-76A7-431B-AC54-AF74D43C0431}.Release|Any CPU.ActiveCfg = Release|Any CPU
		{AB2326C2-76A7-431B-AC54-AF74D43C0431}.Release|Any CPU.Build.0 = Release|Any CPU
		{AB2326C2-76A7-431B-AC54-AF74D43C0431}.Release|ARM.ActiveCfg = Release|Any CPU
		{AB2326C2-76A7-431B-AC54-AF74D43C0431}.Release|ARM.Build.0 = Release|Any CPU
		{AB2326C2-76A7-431B-AC54-AF74D43C0431}.Release|x64.ActiveCfg = Release|Any CPU
		{AB2326C2-76A7-431B-AC54-AF74D43C0431}.Release|x64.Build.0 = Release|Any CPU
		{AB2326C2-76A7-431B-AC54-AF74D43C0431}.Release|x86.ActiveCfg = Release|Any CPU
		{AB2326C2-76A7-431B-AC54-AF74D43C0431}.Release|x86.Build.0 = Release|Any CPU
		{6C50F8A0-8FC5-4DED-836D-39333AAE0ABC}.Debug|Any CPU.ActiveCfg = Debug|Any CPU
		{6C50F8A0-8FC5-4DED-836D-39333AAE0ABC}.Debug|Any CPU.Build.0 = Debug|Any CPU
		{6C50F8A0-8FC5-4DED-836D-39333AAE0ABC}.Debug|ARM.ActiveCfg = Debug|Any CPU
		{6C50F8A0-8FC5-4DED-836D-39333AAE0ABC}.Debug|ARM.Build.0 = Debug|Any CPU
		{6C50F8A0-8FC5-4DED-836D-39333AAE0ABC}.Debug|x64.ActiveCfg = Debug|Any CPU
		{6C50F8A0-8FC5-4DED-836D-39333AAE0ABC}.Debug|x64.Build.0 = Debug|Any CPU
		{6C50F8A0-8FC5-4DED-836D-39333AAE0ABC}.Debug|x86.ActiveCfg = Debug|Any CPU
		{6C50F8A0-8FC5-4DED-836D-39333AAE0ABC}.Debug|x86.Build.0 = Debug|Any CPU
		{6C50F8A0-8FC5-4DED-836D-39333AAE0ABC}.Release|Any CPU.ActiveCfg = Release|Any CPU
		{6C50F8A0-8FC5-4DED-836D-39333AAE0ABC}.Release|Any CPU.Build.0 = Release|Any CPU
		{6C50F8A0-8FC5-4DED-836D-39333AAE0ABC}.Release|ARM.ActiveCfg = Release|Any CPU
		{6C50F8A0-8FC5-4DED-836D-39333AAE0ABC}.Release|ARM.Build.0 = Release|Any CPU
		{6C50F8A0-8FC5-4DED-836D-39333AAE0ABC}.Release|x64.ActiveCfg = Release|Any CPU
		{6C50F8A0-8FC5-4DED-836D-39333AAE0ABC}.Release|x64.Build.0 = Release|Any CPU
		{6C50F8A0-8FC5-4DED-836D-39333AAE0ABC}.Release|x86.ActiveCfg = Release|Any CPU
		{6C50F8A0-8FC5-4DED-836D-39333AAE0ABC}.Release|x86.Build.0 = Release|Any CPU
		{6763F228-987E-49A9-B6FD-E6FE81F1E996}.Debug|Any CPU.ActiveCfg = Debug|Any CPU
		{6763F228-987E-49A9-B6FD-E6FE81F1E996}.Debug|Any CPU.Build.0 = Debug|Any CPU
		{6763F228-987E-49A9-B6FD-E6FE81F1E996}.Debug|ARM.ActiveCfg = Debug|Any CPU
		{6763F228-987E-49A9-B6FD-E6FE81F1E996}.Debug|ARM.Build.0 = Debug|Any CPU
		{6763F228-987E-49A9-B6FD-E6FE81F1E996}.Debug|x64.ActiveCfg = Debug|Any CPU
		{6763F228-987E-49A9-B6FD-E6FE81F1E996}.Debug|x64.Build.0 = Debug|Any CPU
		{6763F228-987E-49A9-B6FD-E6FE81F1E996}.Debug|x86.ActiveCfg = Debug|Any CPU
		{6763F228-987E-49A9-B6FD-E6FE81F1E996}.Debug|x86.Build.0 = Debug|Any CPU
		{6763F228-987E-49A9-B6FD-E6FE81F1E996}.Release|Any CPU.ActiveCfg = Release|Any CPU
		{6763F228-987E-49A9-B6FD-E6FE81F1E996}.Release|Any CPU.Build.0 = Release|Any CPU
		{6763F228-987E-49A9-B6FD-E6FE81F1E996}.Release|ARM.ActiveCfg = Release|Any CPU
		{6763F228-987E-49A9-B6FD-E6FE81F1E996}.Release|ARM.Build.0 = Release|Any CPU
		{6763F228-987E-49A9-B6FD-E6FE81F1E996}.Release|x64.ActiveCfg = Release|Any CPU
		{6763F228-987E-49A9-B6FD-E6FE81F1E996}.Release|x64.Build.0 = Release|Any CPU
		{6763F228-987E-49A9-B6FD-E6FE81F1E996}.Release|x86.ActiveCfg = Release|Any CPU
		{6763F228-987E-49A9-B6FD-E6FE81F1E996}.Release|x86.Build.0 = Release|Any CPU
	EndGlobalSection
	GlobalSection(SolutionProperties) = preSolution
		HideSolutionNode = FALSE
	EndGlobalSection
	GlobalSection(ExtensibilityGlobals) = postSolution
		SolutionGuid = {CD123936-620A-4692-AF78-45CEA4D0BCCE}
	EndGlobalSection
EndGlobal
